
Microsoft Visual Studio Solution File, Format Version 12.00
# Visual Studio Version 17
VisualStudioVersion = 17.7.34024.191
MinimumVisualStudioVersion = 10.0.40219.1
Project("{FAE04EC0-301F-11D3-BF4B-00C04F79EFBC}") = "inheritance", "inheritance\inheritance.csproj", "{2F00E90E-0234-46FA-9485-BEFD87D355BC}"
EndProject
Global
	GlobalSection(SolutionConfigurationPlatforms) = preSolution
		Debug|Any CPU = Debug|Any CPU
		Release|Any CPU = Release|Any CPU
	EndGlobalSection
	GlobalSection(ProjectConfigurationPlatforms) = postSolution
		{2F00E90E-0234-46FA-9485-BEFD87D355BC}.Debug|Any CPU.ActiveCfg = Debug|Any CPU
		{2F00E90E-0234-46FA-9485-BEFD87D355BC}.Debug|Any CPU.Build.0 = Debug|Any CPU
		{2F00E90E-0234-46FA-9485-BEFD87D355BC}.Release|Any CPU.ActiveCfg = Release|Any CPU
		{2F00E90E-0234-46FA-9485-BEFD87D355BC}.Release|Any CPU.Build.0 = Release|Any CPU
	EndGlobalSection
	GlobalSection(SolutionProperties) = preSolution
		HideSolutionNode = FALSE
	EndGlobalSection
	GlobalSection(ExtensibilityGlobals) = postSolution
		SolutionGuid = {2AF1799E-2145-46F4-8D2E-100C40611A1B}
	EndGlobalSection
EndGlobal
